
Microsoft Visual Studio Solution File, Format Version 12.00
# Visual Studio Version 17
VisualStudioVersion = 17.12.35514.174 d17.12
MinimumVisualStudioVersion = 10.0.40219.1
Project("{FAE04EC0-301F-11D3-BF4B-00C04F79EFBC}") = "Api", "PalletManagement.Api\Api.csproj", "{990D97E3-D074-4C09-A20D-A31F45C9EF96}"
EndProject
Project("{FAE04EC0-301F-11D3-BF4B-00C04F79EFBC}") = "Domain", "Domain\Domain.csproj", "{BB83ABC0-7EE6-4B83-89A9-6CAA61E41B59}"
EndProject
Project("{FAE04EC0-301F-11D3-BF4B-00C04F79EFBC}") = "Infraestructure", "Infraestructure\Infraestructure.csproj", "{B5D6FA9D-BE3B-46A2-AE0C-581C326E0E7E}"
EndProject
Project("{FAE04EC0-301F-11D3-BF4B-00C04F79EFBC}") = "Application", "Application\Application.csproj", "{43BF5DCA-603C-4064-97D2-EC65D7AA93AF}"
EndProject
Global
	GlobalSection(SolutionConfigurationPlatforms) = preSolution
		Debug|Any CPU = Debug|Any CPU
		Release|Any CPU = Release|Any CPU
	EndGlobalSection
	GlobalSection(ProjectConfigurationPlatforms) = postSolution
		{990D97E3-D074-4C09-A20D-A31F45C9EF96}.Debug|Any CPU.ActiveCfg = Debug|Any CPU
		{990D97E3-D074-4C09-A20D-A31F45C9EF96}.Debug|Any CPU.Build.0 = Debug|Any CPU
		{990D97E3-D074-4C09-A20D-A31F45C9EF96}.Release|Any CPU.ActiveCfg = Release|Any CPU
		{990D97E3-D074-4C09-A20D-A31F45C9EF96}.Release|Any CPU.Build.0 = Release|Any CPU
		{BB83ABC0-7EE6-4B83-89A9-6CAA61E41B59}.Debug|Any CPU.ActiveCfg = Debug|Any CPU
		{BB83ABC0-7EE6-4B83-89A9-6CAA61E41B59}.Debug|Any CPU.Build.0 = Debug|Any CPU
		{BB83ABC0-7EE6-4B83-89A9-6CAA61E41B59}.Release|Any CPU.ActiveCfg = Release|Any CPU
		{BB83ABC0-7EE6-4B83-89A9-6CAA61E41B59}.Release|Any CPU.Build.0 = Release|Any CPU
		{B5D6FA9D-BE3B-46A2-AE0C-581C326E0E7E}.Debug|Any CPU.ActiveCfg = Debug|Any CPU
		{B5D6FA9D-BE3B-46A2-AE0C-581C326E0E7E}.Debug|Any CPU.Build.0 = Debug|Any CPU
		{B5D6FA9D-BE3B-46A2-AE0C-581C326E0E7E}.Release|Any CPU.ActiveCfg = Release|Any CPU
		{B5D6FA9D-BE3B-46A2-AE0C-581C326E0E7E}.Release|Any CPU.Build.0 = Release|Any CPU
		{43BF5DCA-603C-4064-97D2-EC65D7AA93AF}.Debug|Any CPU.ActiveCfg = Debug|Any CPU
		{43BF5DCA-603C-4064-97D2-EC65D7AA93AF}.Debug|Any CPU.Build.0 = Debug|Any CPU
		{43BF5DCA-603C-4064-97D2-EC65D7AA93AF}.Release|Any CPU.ActiveCfg = Release|Any CPU
		{43BF5DCA-603C-4064-97D2-EC65D7AA93AF}.Release|Any CPU.Build.0 = Release|Any CPU
	EndGlobalSection
	GlobalSection(SolutionProperties) = preSolution
		HideSolutionNode = FALSE
	EndGlobalSection
EndGlobal
